
Microsoft Visual Studio Solution File, Format Version 12.00
# Visual Studio Version 17
VisualStudioVersion = 17.13.35825.156 d17.13
MinimumVisualStudioVersion = 10.0.40219.1
Project("{FAE04EC0-301F-11D3-BF4B-00C04F79EFBC}") = "UPR3", "UPR3\UPR3.csproj", "{2FC74855-9DD5-44F9-9BA0-B7DAF167570D}"
EndProject
Global
	GlobalSection(SolutionConfigurationPlatforms) = preSolution
		Debug|Any CPU = Debug|Any CPU
		Release|Any CPU = Release|Any CPU
	EndGlobalSection
	GlobalSection(ProjectConfigurationPlatforms) = postSolution
		{2FC74855-9DD5-44F9-9BA0-B7DAF167570D}.Debug|Any CPU.ActiveCfg = Debug|Any CPU
		{2FC74855-9DD5-44F9-9BA0-B7DAF167570D}.Debug|Any CPU.Build.0 = Debug|Any CPU
		{2FC74855-9DD5-44F9-9BA0-B7DAF167570D}.Release|Any CPU.ActiveCfg = Release|Any CPU
		{2FC74855-9DD5-44F9-9BA0-B7DAF167570D}.Release|Any CPU.Build.0 = Release|Any CPU
	EndGlobalSection
	GlobalSection(SolutionProperties) = preSolution
		HideSolutionNode = FALSE
	EndGlobalSection
	GlobalSection(ExtensibilityGlobals) = postSolution
		SolutionGuid = {4AB0997E-052E-408B-B4C2-2CA807EFDB23}
	EndGlobalSection
EndGlobal
